
Microsoft Visual Studio Solution File, Format Version 12.00
# Visual Studio Version 17
VisualStudioVersion = 17.0.31903.59
MinimumVisualStudioVersion = 10.0.40219.1
Project("{2150E333-8FDC-42A3-9474-1A3956D46DE8}") = "src", "src", "{13F1F9AE-05A7-4112-AA1D-D05E86877EE9}"
EndProject
Project("{2150E333-8FDC-42A3-9474-1A3956D46DE8}") = "Components", "Components", "{E8219DC0-AE24-4C7B-A0E4-427C65C491CF}"
EndProject
Project("{F2A71F9B-5D33-465A-A702-920D77279786}") = "Swate.Components", "src\Components\src\Swate.Components.fsproj", "{07815E65-A53E-44A9-A9AA-20EA963DBBF1}"
EndProject
Project("{F2A71F9B-5D33-465A-A702-920D77279786}") = "Swate.Components.Core", "src\Shared\Swate.Components.Core.fsproj", "{FB9EC6C0-6E4D-4FB4-AB3D-5B81D1B3FF29}"
EndProject
Global
	GlobalSection(SolutionConfigurationPlatforms) = preSolution
		Debug|Any CPU = Debug|Any CPU
		Release|Any CPU = Release|Any CPU
	EndGlobalSection
	GlobalSection(SolutionProperties) = preSolution
		HideSolutionNode = FALSE
	EndGlobalSection
	GlobalSection(ProjectConfigurationPlatforms) = postSolution
		{07815E65-A53E-44A9-A9AA-20EA963DBBF1}.Debug|Any CPU.ActiveCfg = Debug|Any CPU
		{07815E65-A53E-44A9-A9AA-20EA963DBBF1}.Debug|Any CPU.Build.0 = Debug|Any CPU
		{07815E65-A53E-44A9-A9AA-20EA963DBBF1}.Release|Any CPU.ActiveCfg = Release|Any CPU
		{07815E65-A53E-44A9-A9AA-20EA963DBBF1}.Release|Any CPU.Build.0 = Release|Any CPU
		{FB9EC6C0-6E4D-4FB4-AB3D-5B81D1B3FF29}.Debug|Any CPU.ActiveCfg = Debug|Any CPU
		{FB9EC6C0-6E4D-4FB4-AB3D-5B81D1B3FF29}.Debug|Any CPU.Build.0 = Debug|Any CPU
		{FB9EC6C0-6E4D-4FB4-AB3D-5B81D1B3FF29}.Release|Any CPU.ActiveCfg = Release|Any CPU
		{FB9EC6C0-6E4D-4FB4-AB3D-5B81D1B3FF29}.Release|Any CPU.Build.0 = Release|Any CPU
	EndGlobalSection
	GlobalSection(NestedProjects) = preSolution
		{E8219DC0-AE24-4C7B-A0E4-427C65C491CF} = {13F1F9AE-05A7-4112-AA1D-D05E86877EE9}
		{07815E65-A53E-44A9-A9AA-20EA963DBBF1} = {E8219DC0-AE24-4C7B-A0E4-427C65C491CF}
		{FB9EC6C0-6E4D-4FB4-AB3D-5B81D1B3FF29} = {13F1F9AE-05A7-4112-AA1D-D05E86877EE9}
	EndGlobalSection
EndGlobal
