
Microsoft Visual Studio Solution File, Format Version 12.00
# Visual Studio Version 16
VisualStudioVersion = 16.0.30002.166
MinimumVisualStudioVersion = 10.0.40219.1
Project("{6EC3EE1D-3C4E-46DD-8F32-0CC8E7565705}") = "Client", "src\Client\Client.fsproj", "{73E8E820-C8AA-47CC-BB2B-152CA4D0B855}"
EndProject
Project("{6EC3EE1D-3C4E-46DD-8F32-0CC8E7565705}") = "Server", "src\Server\Server.fsproj", "{73E8E820-C8AA-47CC-BB2B-152CA4D0B856}"
EndProject
Project("{2150E333-8FDC-42A3-9474-1A3956D46DE8}") = "Solution Items", "Solution Items", "{08CCFCF6-2248-43ED-A6EF-E972A2DA0E6A}"
	ProjectSection(SolutionItems) = preProject
		build.fsx = build.fsx
		.config\dotnet-tools.json = .config\dotnet-tools.json
		global.json = global.json
		manifest.xml = manifest.xml
		manifestGeneration.fsx = manifestGeneration.fsx
		package.json = package.json
		paket.dependencies = paket.dependencies
		paket.lock = paket.lock
		README.md = README.md
		webpack.config.js = webpack.config.js
		yarn.lock = yarn.lock
	EndProjectSection
EndProject
Project("{2150E333-8FDC-42A3-9474-1A3956D46DE8}") = "assets", "assets", "{A21844B3-2816-4F6F-B275-308DA4EC2B3E}"
	ProjectSection(SolutionItems) = preProject
		src\Client\public\favicon.png = src\Client\public\favicon.png
		src\Client\public\assets\icon-16.png = src\Client\public\assets\icon-16.png
		src\Client\public\assets\icon-32.png = src\Client\public\assets\icon-32.png
		src\Client\public\assets\icon-80.png = src\Client\public\assets\icon-80.png
		src\Client\public\assets\logo-filled.png = src\Client\public\assets\logo-filled.png
	EndProjectSection
EndProject
Project("{2150E333-8FDC-42A3-9474-1A3956D46DE8}") = "docs", "docs", "{DB2C5A73-BF7F-45D5-AEC8-D36539C5C019}"
EndProject
Project("{2150E333-8FDC-42A3-9474-1A3956D46DE8}") = "style", "style", "{6582B3C0-9FA1-4B5A-8481-CC883DBCE875}"
	ProjectSection(SolutionItems) = preProject
		docsrc\style\style.css = docsrc\style\style.css
	EndProjectSection
EndProject
Project("{2150E333-8FDC-42A3-9474-1A3956D46DE8}") = "loaders", "loaders", "{C43438E1-AEFF-42AC-8654-BDDDE750DA30}"
	ProjectSection(SolutionItems) = preProject
		docsrc\loaders\globalloader.fsx = docsrc\loaders\globalloader.fsx
		docsrc\loaders\pageloader.fsx = docsrc\loaders\pageloader.fsx
		docsrc\loaders\postloader.fsx = docsrc\loaders\postloader.fsx
	EndProjectSection
EndProject
Project("{2150E333-8FDC-42A3-9474-1A3956D46DE8}") = "generators", "generators", "{77E06322-256F-4517-B342-C52C80FC5E0D}"
	ProjectSection(SolutionItems) = preProject
		docsrc\generators\about.fsx = docsrc\generators\about.fsx
		docsrc\generators\contact.fsx = docsrc\generators\contact.fsx
		docsrc\generators\index.fsx = docsrc\generators\index.fsx
		docsrc\generators\layout.fsx = docsrc\generators\layout.fsx
		docsrc\generators\post.fsx = docsrc\generators\post.fsx
		docsrc\generators\staticfile.fsx = docsrc\generators\staticfile.fsx
	EndProjectSection
EndProject
Global
	GlobalSection(SolutionConfigurationPlatforms) = preSolution
		Debug|Any CPU = Debug|Any CPU
		Release|Any CPU = Release|Any CPU
	EndGlobalSection
	GlobalSection(ProjectConfigurationPlatforms) = postSolution
		{73E8E820-C8AA-47CC-BB2B-152CA4D0B855}.Debug|Any CPU.ActiveCfg = Debug|Any CPU
		{73E8E820-C8AA-47CC-BB2B-152CA4D0B855}.Release|Any CPU.ActiveCfg = Release|Any CPU
		{73E8E820-C8AA-47CC-BB2B-152CA4D0B856}.Debug|Any CPU.ActiveCfg = Debug|Any CPU
		{73E8E820-C8AA-47CC-BB2B-152CA4D0B856}.Debug|Any CPU.Build.0 = Debug|Any CPU
		{73E8E820-C8AA-47CC-BB2B-152CA4D0B856}.Release|Any CPU.ActiveCfg = Release|Any CPU
		{73E8E820-C8AA-47CC-BB2B-152CA4D0B856}.Release|Any CPU.Build.0 = Release|Any CPU
	EndGlobalSection
	GlobalSection(SolutionProperties) = preSolution
		HideSolutionNode = FALSE
	EndGlobalSection
	GlobalSection(NestedProjects) = preSolution
		{6582B3C0-9FA1-4B5A-8481-CC883DBCE875} = {DB2C5A73-BF7F-45D5-AEC8-D36539C5C019}
		{C43438E1-AEFF-42AC-8654-BDDDE750DA30} = {DB2C5A73-BF7F-45D5-AEC8-D36539C5C019}
		{77E06322-256F-4517-B342-C52C80FC5E0D} = {DB2C5A73-BF7F-45D5-AEC8-D36539C5C019}
	EndGlobalSection
	GlobalSection(ExtensibilityGlobals) = postSolution
		SolutionGuid = {7A0AA30E-4CD9-4359-9513-BA68E2E85245}
	EndGlobalSection
EndGlobal
