
Microsoft Visual Studio Solution File, Format Version 12.00
# Visual Studio Version 16
VisualStudioVersion = 16.0.30002.166
MinimumVisualStudioVersion = 10.0.40219.1
Project("{6EC3EE1D-3C4E-46DD-8F32-0CC8E7565705}") = "Client", "src\Client\Client.fsproj", "{73E8E820-C8AA-47CC-BB2B-152CA4D0B855}"
EndProject
Project("{6EC3EE1D-3C4E-46DD-8F32-0CC8E7565705}") = "Server", "src\Server\Server.fsproj", "{73E8E820-C8AA-47CC-BB2B-152CA4D0B856}"
EndProject
Project("{2150E333-8FDC-42A3-9474-1A3956D46DE8}") = "Solution Items", "Solution Items", "{08CCFCF6-2248-43ED-A6EF-E972A2DA0E6A}"
	ProjectSection(SolutionItems) = preProject
		build.fsx = build.fsx
		.config\dotnet-tools.json = .config\dotnet-tools.json
		global.json = global.json
		manifest.xml = manifest.xml
		package.json = package.json
		paket.dependencies = paket.dependencies
		paket.lock = paket.lock
		README.md = README.md
		RELEASE_NOTES.md = RELEASE_NOTES.md
		webpack.config.js = webpack.config.js
		yarn.lock = yarn.lock
	EndProjectSection
EndProject
Project("{2150E333-8FDC-42A3-9474-1A3956D46DE8}") = "assets", "assets", "{A21844B3-2816-4F6F-B275-308DA4EC2B3E}"
	ProjectSection(SolutionItems) = preProject
		src\Client\public\favicon.png = src\Client\public\favicon.png
		src\Client\public\assets\icon-16.png = src\Client\public\assets\icon-16.png
		src\Client\public\assets\icon-32.png = src\Client\public\assets\icon-32.png
		src\Client\public\assets\icon-80.png = src\Client\public\assets\icon-80.png
		src\Client\public\assets\logo-filled.png = src\Client\public\assets\logo-filled.png
	EndProjectSection
EndProject
Project("{2150E333-8FDC-42A3-9474-1A3956D46DE8}") = "docs", "docs", "{DB2C5A73-BF7F-45D5-AEC8-D36539C5C019}"
EndProject
Project("{2150E333-8FDC-42A3-9474-1A3956D46DE8}") = "style", "style", "{6582B3C0-9FA1-4B5A-8481-CC883DBCE875}"
	ProjectSection(SolutionItems) = preProject
		docsrc\style\style.css = docsrc\style\style.css
	EndProjectSection
EndProject
Project("{2150E333-8FDC-42A3-9474-1A3956D46DE8}") = "loaders", "loaders", "{C43438E1-AEFF-42AC-8654-BDDDE750DA30}"
	ProjectSection(SolutionItems) = preProject
		docsrc\loaders\globalloader.fsx = docsrc\loaders\globalloader.fsx
		docsrc\loaders\pageloader.fsx = docsrc\loaders\pageloader.fsx
		docsrc\loaders\postloader.fsx = docsrc\loaders\postloader.fsx
	EndProjectSection
EndProject
Project("{2150E333-8FDC-42A3-9474-1A3956D46DE8}") = "generators", "generators", "{77E06322-256F-4517-B342-C52C80FC5E0D}"
	ProjectSection(SolutionItems) = preProject
		docsrc\generators\about.fsx = docsrc\generators\about.fsx
		docsrc\generators\contact.fsx = docsrc\generators\contact.fsx
		docsrc\generators\index.fsx = docsrc\generators\index.fsx
		docsrc\generators\layout.fsx = docsrc\generators\layout.fsx
		docsrc\generators\post.fsx = docsrc\generators\post.fsx
		docsrc\generators\staticfile.fsx = docsrc\generators\staticfile.fsx
	EndProjectSection
EndProject
Project("{2150E333-8FDC-42A3-9474-1A3956D46DE8}") = "tools", "tools", "{494903F3-B40F-4C45-BAF6-C89D8DD002C6}"
	ProjectSection(SolutionItems) = preProject
		tools\manifestGenerator.fsx = tools\manifestGenerator.fsx
		tools\testDbSetup.fsx = tools\testDbSetup.fsx
	EndProjectSection
EndProject
Project("{2150E333-8FDC-42A3-9474-1A3956D46DE8}") = "tests", "tests", "{A7CCC606-3646-4F94-9F59-79C75E413344}"
	ProjectSection(SolutionItems) = preProject
		tests\manifest.xml = tests\manifest.xml
		tests\test.cmd = tests\test.cmd
		tests\test.sh = tests\test.sh
	EndProjectSection
EndProject
Project("{2150E333-8FDC-42A3-9474-1A3956D46DE8}") = "src", "src", "{E0FF3176-0B77-4662-A2A8-7233E5E59981}"
EndProject
Project("{6EC3EE1D-3C4E-46DD-8F32-0CC8E7565705}") = "Shared", "src\Shared\Shared.fsproj", "{E97808D3-5B49-47FB-8818-48AAA053C8AA}"
EndProject
Project("{2150E333-8FDC-42A3-9474-1A3956D46DE8}") = "ISSUE_TEMPLATE", "ISSUE_TEMPLATE", "{54B2B950-6393-4086-8AF4-3D211495433C}"
	ProjectSection(SolutionItems) = preProject
		.github\ISSUE_TEMPLATE\bug_report.md = .github\ISSUE_TEMPLATE\bug_report.md
		.github\ISSUE_TEMPLATE\config.yml = .github\ISSUE_TEMPLATE\config.yml
		.github\ISSUE_TEMPLATE\feature_request.md = .github\ISSUE_TEMPLATE\feature_request.md
	EndProjectSection
EndProject
Global
	GlobalSection(SolutionConfigurationPlatforms) = preSolution
		Debug|Any CPU = Debug|Any CPU
		Release|Any CPU = Release|Any CPU
	EndGlobalSection
	GlobalSection(ProjectConfigurationPlatforms) = postSolution
		{73E8E820-C8AA-47CC-BB2B-152CA4D0B855}.Debug|Any CPU.ActiveCfg = Debug|Any CPU
		{73E8E820-C8AA-47CC-BB2B-152CA4D0B855}.Release|Any CPU.ActiveCfg = Release|Any CPU
		{73E8E820-C8AA-47CC-BB2B-152CA4D0B856}.Debug|Any CPU.ActiveCfg = Debug|Any CPU
		{73E8E820-C8AA-47CC-BB2B-152CA4D0B856}.Debug|Any CPU.Build.0 = Debug|Any CPU
		{73E8E820-C8AA-47CC-BB2B-152CA4D0B856}.Release|Any CPU.ActiveCfg = Release|Any CPU
		{73E8E820-C8AA-47CC-BB2B-152CA4D0B856}.Release|Any CPU.Build.0 = Release|Any CPU
		{E97808D3-5B49-47FB-8818-48AAA053C8AA}.Debug|Any CPU.ActiveCfg = Debug|Any CPU
		{E97808D3-5B49-47FB-8818-48AAA053C8AA}.Debug|Any CPU.Build.0 = Debug|Any CPU
		{E97808D3-5B49-47FB-8818-48AAA053C8AA}.Release|Any CPU.ActiveCfg = Release|Any CPU
		{E97808D3-5B49-47FB-8818-48AAA053C8AA}.Release|Any CPU.Build.0 = Release|Any CPU
	EndGlobalSection
	GlobalSection(SolutionProperties) = preSolution
		HideSolutionNode = FALSE
	EndGlobalSection
	GlobalSection(NestedProjects) = preSolution
		{73E8E820-C8AA-47CC-BB2B-152CA4D0B855} = {E0FF3176-0B77-4662-A2A8-7233E5E59981}
		{73E8E820-C8AA-47CC-BB2B-152CA4D0B856} = {E0FF3176-0B77-4662-A2A8-7233E5E59981}
		{6582B3C0-9FA1-4B5A-8481-CC883DBCE875} = {DB2C5A73-BF7F-45D5-AEC8-D36539C5C019}
		{C43438E1-AEFF-42AC-8654-BDDDE750DA30} = {DB2C5A73-BF7F-45D5-AEC8-D36539C5C019}
		{77E06322-256F-4517-B342-C52C80FC5E0D} = {DB2C5A73-BF7F-45D5-AEC8-D36539C5C019}
		{E97808D3-5B49-47FB-8818-48AAA053C8AA} = {E0FF3176-0B77-4662-A2A8-7233E5E59981}
		{54B2B950-6393-4086-8AF4-3D211495433C} = {08CCFCF6-2248-43ED-A6EF-E972A2DA0E6A}
	EndGlobalSection
	GlobalSection(ExtensibilityGlobals) = postSolution
		SolutionGuid = {7A0AA30E-4CD9-4359-9513-BA68E2E85245}
	EndGlobalSection
EndGlobal
