{
  "version": 2,
  "dependencies": {
    ".NETStandard,Version=v2.0": {
      "ARCtrl.Core": {
        "type": "Direct",
        "requested": "[3.0.0-beta.5, )",
        "resolved": "3.0.0-beta.5",
        "contentHash": "s7zOnahuV1KrUvlxzOqDTCWzATlhdcsYArDnZLsvgggUzNMvIUhlTbmflRkVSTQL4aSCerM3voqAiGDxu8pVpw==",
        "dependencies": {
          "ARCtrl.FileSystem": "3.0.0-beta.5"
        }
      },
      "ARCtrl.Spreadsheet": {
        "type": "Direct",
        "requested": "[3.0.0-beta.5, )",
        "resolved": "3.0.0-beta.5",
        "contentHash": "hVDvXmyCne6/e5spbYxk9lQFS/dpSPIX4S/mefSEXMrrfJUeqgk6sK7eUya2m0n8PrfNoDC5EoBSenRn7wU8HQ==",
        "dependencies": {
          "ARCtrl.Core": "3.0.0-beta.5",
          "ARCtrl.FileSystem": "3.0.0-beta.5",
          "FsSpreadsheet": "7.0.0-alpha.1"
        }
      },
      "Fable.Browser.Dom": {
        "type": "Direct",
        "requested": "[2.18.0, )",
        "resolved": "2.18.0",
        "contentHash": "usu19HS3yRIPvzQ//Yj+Dp6SkJ1fkVUVOREaeDR4iLXGTKl0UqR1nPT1tEBX2GGMefj7dVrmG0dbONirOlVFBw==",
        "dependencies": {
          "FSharp.Core": "4.7.2",
          "Fable.Browser.Blob": "1.4.0",
          "Fable.Browser.Event": "1.7.0",
          "Fable.Browser.WebStorage": "1.3.0",
          "Fable.Core": "3.2.8"
        }
      },
      "Fable.Core": {
        "type": "Direct",
        "requested": "[4.5.0, )",
        "resolved": "4.5.0",
        "contentHash": "ZcX8XN5sQZGCbrS8VYnsa/ynhrCBfpDyqDkTl33GTXOpgfKibxoq0+W0hCSbRzuukVNoLtqGL/B6+8yTNDXbNA=="
      },
      "Fable.Fetch": {
        "type": "Direct",
        "requested": "[2.7.0, )",
        "resolved": "2.7.0",
        "contentHash": "2ndGZZTqpX9Hyso51tnIxWAskN2zrHX+7LeAwfG4zew+DtMMGa/3IyJGl2BOYUwweq2MhfuVqs1K3avgBFDq+Q==",
        "dependencies": {
          "FSharp.Core": "4.7.2",
          "Fable.Browser.Blob": "1.2.0",
          "Fable.Browser.Event": "1.5.0",
          "Fable.Core": "3.7.1",
          "Fable.Promise": "2.2.2"
        }
      },
      "Fable.React.Types": {
        "type": "Direct",
        "requested": "[18.4.0, )",
        "resolved": "18.4.0",
        "contentHash": "XKUBsAycABet6+ZRwIceG3dSuUzgG8SndVIu43uZMNOO+wXAeGS4u2WrRWZOetZ7Q0MlVukPVwN7jfbPRg4j/A==",
        "dependencies": {
          "FSharp.Core": "4.7.2",
          "Fable.Browser.Dom": "2.4.4",
          "Fable.Core": "3.2.7"
        }
      },
      "Fable.Remoting.Client": {
        "type": "Direct",
        "requested": "[7.32.0, )",
        "resolved": "7.32.0",
        "contentHash": "PMZ0gj8UXXBKrLg71IwGGTMmy2woSdesjFYkrkDNYmhNDvz3Z/h05fJYOVXYYKXp/d2XRX0fHtGV0DuYppip7A==",
        "dependencies": {
          "FSharp.Core": "4.7.2",
          "Fable.Browser.XMLHttpRequest": "1.0.0",
          "Fable.Core": "3.1.5",
          "Fable.Remoting.MsgPack": "1.24.0",
          "Fable.SimpleJson": "3.24.0"
        }
      },
      "Feliz": {
        "type": "Direct",
        "requested": "[2.9.0, )",
        "resolved": "2.9.0",
        "contentHash": "8nyGREGA60RysdSBamVWmr68MG+3lLy76W17fBiGaKi7uMFbtRcYBLyNtp2NyGZFfnuWCEyDAmAXM5YFnDhbhg==",
        "dependencies": {
          "FSharp.Core": "4.7.2",
          "Fable.ReactDom.Types": "18.2.0",
          "Feliz.CompilerPlugins": "2.2.0"
        }
      },
      "Feliz.DaisyUI": {
        "type": "Direct",
        "requested": "[5.2.0, )",
        "resolved": "5.2.0",
        "contentHash": "bKa7pICNFGa2Hn1NNvrnik7W5iEXfE+GpVFoyHUczUmcc/SxOOuqkmBCIfV3lx9CUXrK8AiuQu3UYmlG15E1sg==",
        "dependencies": {
          "FSharp.Core": "4.7.2",
          "Feliz": "2.9.0"
        }
      },
      "FSharp.Core": {
        "type": "Direct",
        "requested": "[8.0.403, )",
        "resolved": "8.0.403",
        "contentHash": "ldNIn4IksrJL/X3rF4R/y9pa3RmwkcGYQ3xFMdbJj8dJ9Q49J735m6sMy3MbCK9gj3YoCsxlyFeExCiNDy3gHQ=="
      },
      "NETStandard.Library": {
        "type": "Direct",
        "requested": "[2.0.3, )",
        "resolved": "2.0.3",
        "contentHash": "st47PosZSHrjECdjeIzZQbzivYBJFv6P2nv4cj2ypdI204DO+vZ7l5raGMiX4eXMJ53RfOIg+/s4DHVZ54Nu2A==",
        "dependencies": {
          "Microsoft.NETCore.Platforms": "1.1.0"
        }
      },
      "ARCtrl.FileSystem": {
        "type": "Transitive",
        "resolved": "3.0.0-beta.5",
        "contentHash": "GqwFJ19OQ060h8wi61iu9WcpLLhtcfr+9fiK3WQwJauvqSvjuEoyi/OjN6XC91vUt/NubUUIEn2bXrIVSs5QtQ==",
        "dependencies": {
          "Fable.Core": "4.3.0"
        }
      },
      "Fable.AST": {
        "type": "Transitive",
        "resolved": "4.2.1",
        "contentHash": "/4V6U7Qw/WIRRxm9NJ7b+YTXTRCTk6/YKeJnbKYaVbtT45MstA3jkFvRfV0FqVFtkG9AL4uccetreygTjK7nbQ=="
      },
      "Fable.Browser.Blob": {
        "type": "Transitive",
        "resolved": "1.4.0",
        "contentHash": "UlaxrIXUfMmABjP+8a4XJp/Af+eCRKa8KJ57Olq4sqphmPLn/gNtp3sk5hRNBZ385lwUszbO5yd3Q/rrl9BdOQ==",
        "dependencies": {
          "FSharp.Core": "4.7.2",
          "Fable.Core": "3.2.8"
        }
      },
      "Fable.Browser.Event": {
        "type": "Transitive",
        "resolved": "1.7.0",
        "contentHash": "x+wqXQK0l4VlCnELDp68GC/mZAx6NbicDxYPliyAoNq8RPNDeR3R782icNwI5YmA+ufq11XvG6w1JjsL/ldy7w==",
        "dependencies": {
          "FSharp.Core": "4.7.2",
          "Fable.Browser.Gamepad": "1.3.0",
          "Fable.Core": "3.2.8"
        }
      },
      "Fable.Browser.Gamepad": {
        "type": "Transitive",
        "resolved": "1.3.0",
        "contentHash": "C4HZDzCgff+U094QjpQlJh425W5j5/vojvOi2FV5UFS34l7TJ6YBgBPpKoro02QhAi/UF3AeocR+V2yiYxHb0A==",
        "dependencies": {
          "FSharp.Core": "4.7.2",
          "Fable.Core": "3.2.8"
        }
      },
      "Fable.Browser.WebStorage": {
        "type": "Transitive",
        "resolved": "1.3.0",
        "contentHash": "x8JL9oEtPiK0JY4GrRTqhomiLxT6Jaiv5uu8VXiNeA78bFvUogZWxQeejsK83iNFGErK5wpdiPd0tsREZTRLeg==",
        "dependencies": {
          "FSharp.Core": "4.7.2",
          "Fable.Browser.Event": "1.6.0",
          "Fable.Core": "3.2.8"
        }
      },
      "Fable.Browser.XMLHttpRequest": {
        "type": "Transitive",
        "resolved": "1.0.0",
        "contentHash": "/XHivZ/GQXlLgNSIDyLnAOwWzP4iOUURCobmNrAnm9GCWo6Lxw7Z+vkxjV2BVC8K+TFI38gPOlHPzyDuwXXA2g==",
        "dependencies": {
          "FSharp.Core": "4.5.2",
          "Fable.Browser.Dom": "1.0.0",
          "Fable.Core": "3.0.0"
        }
      },
      "Fable.Parsimmon": {
        "type": "Transitive",
        "resolved": "4.0.0",
        "contentHash": "AaHqEcwjjv8q5S2gCNu6XsVcpChYM8D6aEb3sjjsAiLspwLrNLqm6vOEKdJKGnh0gSLHg6UWzLGA/Q4jrk+t/w==",
        "dependencies": {
          "FSharp.Core": "4.6.2",
          "Fable.Core": "3.0.0"
        }
      },
      "Fable.Promise": {
        "type": "Transitive",
        "resolved": "2.2.2",
        "contentHash": "yHFSo7GCY0l/Wjskh/HESuFoGzXIoRM22UlrARA5ewnX736Y1wM27kcqCWeGcIzaEsgJnZcDkp093M0gQyMcWA==",
        "dependencies": {
          "FSharp.Core": "4.7.2",
          "Fable.Core": "3.1.5"
        }
      },
      "Fable.ReactDom.Types": {
        "type": "Transitive",
        "resolved": "18.2.0",
        "contentHash": "2WoBjsLiSgrvR68OJXko0iVaqeMbkPM5Bx813A1WlxOSCJ50M9fwnlwG/MUEZtiOIhQmku/YTJY5a8E8r1+j2Q==",
        "dependencies": {
          "FSharp.Core": "4.7.2",
          "Fable.React.Types": "18.3.0"
        }
      },
      "Fable.Remoting.MsgPack": {
        "type": "Transitive",
        "resolved": "1.24.0",
        "contentHash": "Bn3nzoZbib6lPk70bIJumEu2wFMxciB4o8k0Zw6tRfAOpNKvUsi79OOll2nW3FU1P6MVBepT43m+R8JvfYnNiw==",
        "dependencies": {
          "FSharp.Core": "4.7.2"
        }
      },
      "Feliz.CompilerPlugins": {
        "type": "Transitive",
        "resolved": "2.2.0",
        "contentHash": "ACkO++Hp4lUrEx/axeehIL5/3R8jMnak+CYpzd0/kLpejp9BETtrgjHK7oj6Lh3V9fB7WoAKsCxyPSrm4ADN2w==",
        "dependencies": {
          "FSharp.Core": "4.7.2",
          "Fable.AST": "4.2.1"
        }
      },
      "FsSpreadsheet": {
        "type": "Transitive",
        "resolved": "7.0.0-alpha.1",
        "contentHash": "B9r55Kotnl0tTEETetsOmbOaukndHymUbC5l+R8h+FIe14375EiM2LGjitQ3PT758N97UwYSNZCth1Kavwhwrg==",
        "dependencies": {
          "FSharp.Core": "8.0.403",
          "Thoth.Json.Core": "0.7.0"
        }
      },
      "Microsoft.NETCore.Platforms": {
        "type": "Transitive",
        "resolved": "1.1.0",
        "contentHash": "kz0PEW2lhqygehI/d6XsPCQzD7ff7gUJaVGPVETX611eadGsA3A877GdSlU0LRVMCTH/+P3o2iDTak+S08V2+A=="
      },
      "Thoth.Json.Core": {
        "type": "Transitive",
        "resolved": "0.7.0",
        "contentHash": "BENcsjQMfG++NvzIUQG3xv8esB2PfUfe8ggpcNwhmqEPuJp8KORM5MCNqqwuBHZ4LOUK61L/bldFPGqr0K9sLQ==",
        "dependencies": {
          "FSharp.Core": "5.0.2",
          "Fable.Core": "4.1.0"
        }
      },
      "swate.components.core": {
        "type": "Project"
      },
      "Fable.SimpleJson": {
        "type": "CentralTransitive",
        "requested": "[3.24.0, )",
        "resolved": "3.24.0",
        "contentHash": "mNk5s+8arkrrupT52/840xybT/DmaPUsJ926fTHk2uHOaWLnyNbUPY63Yg8zJZFCxSCzWrFpmB8rS9fcLVLJSg==",
        "dependencies": {
          "FSharp.Core": "4.7.0",
          "Fable.Core": "3.1.5",
          "Fable.Parsimmon": "4.0.0"
        }
      }
    }
  }
}