{
  "version": 2,
  "dependencies": {
    "net8.0": {
      "Fable.Mocha": {
        "type": "Direct",
        "requested": "[2.17.0, )",
        "resolved": "2.17.0",
        "contentHash": "2N9rjqn6IrNdRbjGwq4DNC1u68Mrzk2Vw+rP5OGd3UOjjxle5pvsTS6bS/7hohQPoHTFqLWqiTSrDlotdbQtzQ==",
        "dependencies": {
          "FSharp.Core": "4.7.0",
          "Fable.Core": "3.0.0"
        }
      },
      "FSharp.Core": {
        "type": "Direct",
        "requested": "[8.0.403, )",
        "resolved": "8.0.403",
        "contentHash": "ldNIn4IksrJL/X3rF4R/y9pa3RmwkcGYQ3xFMdbJj8dJ9Q49J735m6sMy3MbCK9gj3YoCsxlyFeExCiNDy3gHQ=="
      },
      "ARCtrl.Contract": {
        "type": "Transitive",
        "resolved": "3.0.0-beta.5",
        "contentHash": "5XDCo42UGzFHv3d2ncuddWAOjjHTmQwU6q3/BQaD8mI/hSlyfh6AXEIjpDvhDJ3QziJQs+pmBhCkbGFrR/mEUg==",
        "dependencies": {
          "ARCtrl.Core": "3.0.0-beta.5",
          "ARCtrl.Json": "3.0.0-beta.5",
          "ARCtrl.Spreadsheet": "3.0.0-beta.5",
          "ARCtrl.Yaml": "3.0.0-beta.5"
        }
      },
      "ARCtrl.CWL": {
        "type": "Transitive",
        "resolved": "3.0.0-beta.5",
        "contentHash": "cP9GcLgkxRkdBo51QZRyyVUWu6AU5rBTWNU6EZOMkaK7ubMRuqkhg6Zo54RaQ9mEpc5ZCqaKlYrsFgVtig70Lg==",
        "dependencies": {
          "DynamicObj": "7.0.1",
          "YAMLicious": "0.0.3"
        }
      },
      "ARCtrl.FileSystem": {
        "type": "Transitive",
        "resolved": "3.0.0-beta.5",
        "contentHash": "GqwFJ19OQ060h8wi61iu9WcpLLhtcfr+9fiK3WQwJauvqSvjuEoyi/OjN6XC91vUt/NubUUIEn2bXrIVSs5QtQ==",
        "dependencies": {
          "Fable.Core": "4.3.0"
        }
      },
      "ARCtrl.Json": {
        "type": "Transitive",
        "resolved": "3.0.0-beta.5",
        "contentHash": "YQ35wSIoVaWh/UisAk+LCusXVPLhki35vifLreK1vX/RXV0TpNvmsMCrU0SkiXo1j3Z6Cn0cYnGS9rx0pWgmXA==",
        "dependencies": {
          "ARCtrl.Core": "3.0.0-beta.5",
          "ARCtrl.ROCrate": "3.0.0-beta.5",
          "Thoth.Json.Core": "0.7.0"
        }
      },
      "ARCtrl.ROCrate": {
        "type": "Transitive",
        "resolved": "3.0.0-beta.5",
        "contentHash": "cxIhRYpsRfzcW9qtTI5YUwiLUZHcafNOhohO36zIsVilO8pYO/CMmLXD1L2Vx5fOUa8+LMyXTqYnY77yT00fJA==",
        "dependencies": {
          "ARCtrl.Core": "3.0.0-beta.5",
          "DynamicObj": "7.0.1",
          "Thoth.Json.Core": "0.7.0"
        }
      },
      "ARCtrl.ValidationPackages": {
        "type": "Transitive",
        "resolved": "3.0.0-beta.5",
        "contentHash": "4XN7v5ZnZoXNpM5mODnfO2bvEMJ+cecXGgTfKbFEQBkqpALDe+aTDWAV/3VMa10IajBndYb7V4xCdfm5JdxLTA==",
        "dependencies": {
          "ARCtrl.Core": "3.0.0-beta.5"
        }
      },
      "ARCtrl.Yaml": {
        "type": "Transitive",
        "resolved": "3.0.0-beta.5",
        "contentHash": "K6JVx3L9ZkGKGbHyMfum6i/e1EzKfiowUGcEWPT//3ZAmeFkp3fsmWy346TfOXINwFvFFTJqdrE07CanUZlLkw==",
        "dependencies": {
          "ARCtrl.Core": "3.0.0-beta.5",
          "ARCtrl.ValidationPackages": "3.0.0-beta.5",
          "YAMLicious": "0.0.3"
        }
      },
      "DynamicObj": {
        "type": "Transitive",
        "resolved": "7.0.1",
        "contentHash": "BQkLKfVMKaScXQnh/mZ5Av3hNyTJgcYUm9n/3wroXESW++A0SPlNRmGP7gnUDYS8Ky5XJf0QQy68lT3FvYnWQA==",
        "dependencies": {
          "FSharp.Core": "8.0.100",
          "Fable.Core": "4.3.0"
        }
      },
      "Fable.AST": {
        "type": "Transitive",
        "resolved": "4.2.1",
        "contentHash": "/4V6U7Qw/WIRRxm9NJ7b+YTXTRCTk6/YKeJnbKYaVbtT45MstA3jkFvRfV0FqVFtkG9AL4uccetreygTjK7nbQ=="
      },
      "Fable.Browser.Blob": {
        "type": "Transitive",
        "resolved": "1.4.0",
        "contentHash": "UlaxrIXUfMmABjP+8a4XJp/Af+eCRKa8KJ57Olq4sqphmPLn/gNtp3sk5hRNBZ385lwUszbO5yd3Q/rrl9BdOQ==",
        "dependencies": {
          "FSharp.Core": "4.7.2",
          "Fable.Core": "3.2.8"
        }
      },
      "Fable.Browser.Event": {
        "type": "Transitive",
        "resolved": "1.7.0",
        "contentHash": "x+wqXQK0l4VlCnELDp68GC/mZAx6NbicDxYPliyAoNq8RPNDeR3R782icNwI5YmA+ufq11XvG6w1JjsL/ldy7w==",
        "dependencies": {
          "FSharp.Core": "4.7.2",
          "Fable.Browser.Gamepad": "1.3.0",
          "Fable.Core": "3.2.8"
        }
      },
      "Fable.Browser.Gamepad": {
        "type": "Transitive",
        "resolved": "1.3.0",
        "contentHash": "C4HZDzCgff+U094QjpQlJh425W5j5/vojvOi2FV5UFS34l7TJ6YBgBPpKoro02QhAi/UF3AeocR+V2yiYxHb0A==",
        "dependencies": {
          "FSharp.Core": "4.7.2",
          "Fable.Core": "3.2.8"
        }
      },
      "Fable.Browser.WebStorage": {
        "type": "Transitive",
        "resolved": "1.3.0",
        "contentHash": "x8JL9oEtPiK0JY4GrRTqhomiLxT6Jaiv5uu8VXiNeA78bFvUogZWxQeejsK83iNFGErK5wpdiPd0tsREZTRLeg==",
        "dependencies": {
          "FSharp.Core": "4.7.2",
          "Fable.Browser.Event": "1.6.0",
          "Fable.Core": "3.2.8"
        }
      },
      "Fable.Browser.XMLHttpRequest": {
        "type": "Transitive",
        "resolved": "1.1.0",
        "contentHash": "27p/F8781NrnV9vQ23RhX10ww9MDkX+Yi3yTiV9s8U8Bufi/VCCjS4swX0LXvgKQANN3k87CwaNeiO75r2U7gw==",
        "dependencies": {
          "FSharp.Core": "4.6.2",
          "Fable.Browser.Blob": "1.1.0",
          "Fable.Browser.Event": "1.0.0",
          "Fable.Core": "3.0.0"
        }
      },
      "Fable.Elmish.UrlParser": {
        "type": "Transitive",
        "resolved": "1.0.2",
        "contentHash": "qGAUCanlmGePl5LNM+eSOt1sEI/AheOvtfQXU8XJcIeIL+61iAmRmyeMBavlscuXzEkMYBO3Mbf147GH/GIUgg==",
        "dependencies": {
          "FSharp.Core": "4.7.2"
        }
      },
      "Fable.Exceljs": {
        "type": "Transitive",
        "resolved": "1.6.0",
        "contentHash": "7UrrpLm6RFTsaIcx1uXqGV5F1wfCOYD6wPUjjEN8SuhlbVJ+tLUM8jRoamkjMMddEdmGMQ39aln/QBf5iz1kwA==",
        "dependencies": {
          "FSharp.Core": "6.0.7",
          "Fable.Core": "4.0.0"
        }
      },
      "Fable.Parsimmon": {
        "type": "Transitive",
        "resolved": "4.0.0",
        "contentHash": "AaHqEcwjjv8q5S2gCNu6XsVcpChYM8D6aEb3sjjsAiLspwLrNLqm6vOEKdJKGnh0gSLHg6UWzLGA/Q4jrk+t/w==",
        "dependencies": {
          "FSharp.Core": "4.6.2",
          "Fable.Core": "3.0.0"
        }
      },
      "Fable.Promise": {
        "type": "Transitive",
        "resolved": "3.2.0",
        "contentHash": "4A+Iiembrny2h3AE2BIbchfuLmWHNhpkOTvbTtFXHtGzHVMqEVFRXrAfdy83wX2wK5Og3fqRo1y8t/Bqkd7j6g==",
        "dependencies": {
          "FSharp.Core": "4.7.2",
          "Fable.Core": "3.7.1"
        }
      },
      "Fable.React": {
        "type": "Transitive",
        "resolved": "7.4.1",
        "contentHash": "OYjem6Ix5KBwYkQCzn8RIkCN+Zb94YEZ0QAZasC9raagmgigEfFsAePpXeix/UxsYn6HRU4TSl4AhWadKA/s6A==",
        "dependencies": {
          "FSharp.Core": "4.7.2",
          "Fable.Browser.Dom": "2.4.4",
          "Fable.Core": "3.2.7"
        }
      },
      "Fable.ReactDom.Types": {
        "type": "Transitive",
        "resolved": "18.2.0",
        "contentHash": "2WoBjsLiSgrvR68OJXko0iVaqeMbkPM5Bx813A1WlxOSCJ50M9fwnlwG/MUEZtiOIhQmku/YTJY5a8E8r1+j2Q==",
        "dependencies": {
          "FSharp.Core": "4.7.2",
          "Fable.React.Types": "18.3.0"
        }
      },
      "Fable.Remoting.MsgPack": {
        "type": "Transitive",
        "resolved": "1.24.0",
        "contentHash": "Bn3nzoZbib6lPk70bIJumEu2wFMxciB4o8k0Zw6tRfAOpNKvUsi79OOll2nW3FU1P6MVBepT43m+R8JvfYnNiw==",
        "dependencies": {
          "FSharp.Core": "4.7.2"
        }
      },
      "Fable.SimpleHttp": {
        "type": "Transitive",
        "resolved": "3.5.0",
        "contentHash": "SWYshvAI90JcdGLsUmTWBG9eaazY6ihdIk/uehrEz/VqMx9qX+e7+PzYaw31DMwGYSva9/mpq9s69T/z8Ubl5Q==",
        "dependencies": {
          "FSharp.Core": "4.6.2",
          "Fable.Browser.Dom": "1.0.0",
          "Fable.Browser.XMLHttpRequest": "1.1.0",
          "Fable.Core": "3.0.0"
        }
      },
      "Feliz.CompilerPlugins": {
        "type": "Transitive",
        "resolved": "2.2.0",
        "contentHash": "ACkO++Hp4lUrEx/axeehIL5/3R8jMnak+CYpzd0/kLpejp9BETtrgjHK7oj6Lh3V9fB7WoAKsCxyPSrm4ADN2w==",
        "dependencies": {
          "FSharp.Core": "4.7.2",
          "Fable.AST": "4.2.1"
        }
      },
      "FsSpreadsheet": {
        "type": "Transitive",
        "resolved": "7.0.0-alpha.1",
        "contentHash": "B9r55Kotnl0tTEETetsOmbOaukndHymUbC5l+R8h+FIe14375EiM2LGjitQ3PT758N97UwYSNZCth1Kavwhwrg==",
        "dependencies": {
          "FSharp.Core": "8.0.403",
          "Thoth.Json.Core": "0.7.0"
        }
      },
      "FsSpreadsheet.Js": {
        "type": "Transitive",
        "resolved": "7.0.0-alpha.1",
        "contentHash": "S+DOLMuPdfp+rbuKRrL4LJYKmj9rT+Zb/y52DduKb10ooNwyLDrcn8dfa7mVk74vbMb46xWhFRg4Ygd2DI6mQw==",
        "dependencies": {
          "FSharp.Core": "8.0.403",
          "Fable.Exceljs": "1.6.0",
          "Fable.Promise": "3.2.0",
          "FsSpreadsheet": "7.0.0-alpha.1",
          "Thoth.Json.JavaScript": "0.4.1"
        }
      },
      "Mono.Cecil": {
        "type": "Transitive",
        "resolved": "0.11.4",
        "contentHash": "IC1h5g0NeJGHIUgzM1P82ld57knhP0IcQfrYITDPXlNpMYGUrsG5TxuaWTjaeqDNQMBDNZkB8L0rBnwsY6JHuQ=="
      },
      "Thoth.Json": {
        "type": "Transitive",
        "resolved": "6.0.0",
        "contentHash": "fJ9nhZezOyRIsaluEIj5ytCSCbnsvA7ZCa1kY7KkWPqyHtc+SDvjthz5edoFxOAHH44iSmxl6zakapjMSRJbbw==",
        "dependencies": {
          "FSharp.Core": "4.7.2",
          "Fable.Core": "3.1.6"
        }
      },
      "Thoth.Json.Core": {
        "type": "Transitive",
        "resolved": "0.7.0",
        "contentHash": "BENcsjQMfG++NvzIUQG3xv8esB2PfUfe8ggpcNwhmqEPuJp8KORM5MCNqqwuBHZ4LOUK61L/bldFPGqr0K9sLQ==",
        "dependencies": {
          "FSharp.Core": "5.0.2",
          "Fable.Core": "4.1.0"
        }
      },
      "Thoth.Json.JavaScript": {
        "type": "Transitive",
        "resolved": "0.4.1",
        "contentHash": "rmpfPzg6X4VFehhA3O1LS1DA/FDlsu0YDIRQyXl4KEb0r6sXIcdZKsRvF+jn0XFvo/QADjh+kmn51xqeixiwWw==",
        "dependencies": {
          "FSharp.Core": "5.0.2",
          "Fable.Core": "4.1.0",
          "Thoth.Json.Core": "0.7.0"
        }
      },
      "YAMLicious": {
        "type": "Transitive",
        "resolved": "0.0.3",
        "contentHash": "hpvlVVMi+ZNMKt2Eg4XTo2VQtp7alcJdzNuRWiej9b2cD6N0Z4Ly4ksoju8H4Od20lNR29ftMg+Bb5ZuLZt7Wg==",
        "dependencies": {
          "FSharp.Core": "8.0.300",
          "Fable.Core": "4.3.0"
        }
      },
      "client": {
        "type": "Project",
        "dependencies": {
          "ARCtrl.Core": "[3.0.0-beta.5, )",
          "ARCtrl.Javascript": "[3.0.0-beta.5, )",
          "ARCtrl.Spreadsheet": "[3.0.0-beta.5, )",
          "ExcelJS.Fable": "[0.3.0, )",
          "Fable.Elmish": "[4.2.0, )",
          "Fable.Elmish.Browser": "[4.0.3, )",
          "Fable.Elmish.Debugger": "[4.1.0, )",
          "Fable.Elmish.HMR": "[7.0.0, )",
          "Fable.Elmish.React": "[4.0.0, )",
          "Fable.Fetch": "[2.7.0, )",
          "Fable.SimpleJson": "[3.24.0, )",
          "Swate.Components": "[0.0.0, )",
          "Swate.Components.Core": "[0.0.0, )"
        }
      },
      "shared.tests": {
        "type": "Project",
        "dependencies": {
          "Expecto": "[10.2.1, )",
          "Fable.Mocha": "[2.17.0, )",
          "Swate.Components.Core": "[0.0.0, )"
        }
      },
      "swate.components": {
        "type": "Project",
        "dependencies": {
          "ARCtrl.Core": "[3.0.0-beta.5, )",
          "ARCtrl.Spreadsheet": "[3.0.0-beta.5, )",
          "Fable.Browser.Dom": "[2.18.0, )",
          "Fable.Core": "[4.5.0, )",
          "Fable.Fetch": "[2.7.0, )",
          "Fable.React.Types": "[18.4.0, )",
          "Fable.Remoting.Client": "[7.32.0, )",
          "Feliz": "[2.9.0, )",
          "Feliz.DaisyUI": "[5.2.0, )",
          "Swate.Components.Core": "[0.0.0, )"
        }
      },
      "swate.components.core": {
        "type": "Project"
      },
      "ARCtrl.Core": {
        "type": "CentralTransitive",
        "requested": "[3.0.0-beta.5, )",
        "resolved": "3.0.0-beta.5",
        "contentHash": "s7zOnahuV1KrUvlxzOqDTCWzATlhdcsYArDnZLsvgggUzNMvIUhlTbmflRkVSTQL4aSCerM3voqAiGDxu8pVpw==",
        "dependencies": {
          "ARCtrl.FileSystem": "3.0.0-beta.5"
        }
      },
      "ARCtrl.Javascript": {
        "type": "CentralTransitive",
        "requested": "[3.0.0-beta.5, )",
        "resolved": "3.0.0-beta.5",
        "contentHash": "prKQGOcDu8UFELeAqmJCE1WSdwGl+83AcqS5YHTjD03Oi61CkaGjEydjtU3l0iIl8Hn4NlLsaUyEHEIo5GGEdA==",
        "dependencies": {
          "ARCtrl.CWL": "3.0.0-beta.5",
          "ARCtrl.Contract": "3.0.0-beta.5",
          "ARCtrl.FileSystem": "3.0.0-beta.5",
          "ARCtrl.Json": "3.0.0-beta.5",
          "ARCtrl.ROCrate": "3.0.0-beta.5",
          "ARCtrl.Spreadsheet": "3.0.0-beta.5",
          "Fable.Fetch": "2.6.0",
          "Fable.Promise": "3.2.0",
          "Fable.SimpleHttp": "3.5.0",
          "FsSpreadsheet.Js": "7.0.0-alpha.1",
          "Thoth.Json.Javascript": "0.4.1"
        }
      },
      "ARCtrl.Spreadsheet": {
        "type": "CentralTransitive",
        "requested": "[3.0.0-beta.5, )",
        "resolved": "3.0.0-beta.5",
        "contentHash": "hVDvXmyCne6/e5spbYxk9lQFS/dpSPIX4S/mefSEXMrrfJUeqgk6sK7eUya2m0n8PrfNoDC5EoBSenRn7wU8HQ==",
        "dependencies": {
          "ARCtrl.Core": "3.0.0-beta.5",
          "ARCtrl.FileSystem": "3.0.0-beta.5",
          "FsSpreadsheet": "7.0.0-alpha.1"
        }
      },
      "ExcelJS.Fable": {
        "type": "CentralTransitive",
        "requested": "[0.3.0, )",
        "resolved": "0.3.0",
        "contentHash": "xVkYZITjnW3nFdPG3GnSUu1xqGJOLJdxrxiuJ3ypI38VfBkhAHkYUWHpJF+zcdq4G+iG4rPD2gN6QruPfFZ1zg==",
        "dependencies": {
          "FSharp.Core": "5.0.0",
          "Fable.Core": "3.2.8",
          "Fable.React": "7.4.1"
        }
      },
      "Expecto": {
        "type": "CentralTransitive",
        "requested": "[10.2.1, )",
        "resolved": "10.2.1",
        "contentHash": "nV9ACIccY2cv23KvtMfflQdMPhF7oTXf0dRMz1Jq6GuQjLnuf+zBj4IlBzmZEz9VeCrCOWxdnt/5VFCrGcn+pA==",
        "dependencies": {
          "FSharp.Core": "7.0.200",
          "Mono.Cecil": "[0.11.4, 1.0.0)"
        }
      },
      "Fable.Browser.Dom": {
        "type": "CentralTransitive",
        "requested": "[2.18.0, )",
        "resolved": "2.18.0",
        "contentHash": "usu19HS3yRIPvzQ//Yj+Dp6SkJ1fkVUVOREaeDR4iLXGTKl0UqR1nPT1tEBX2GGMefj7dVrmG0dbONirOlVFBw==",
        "dependencies": {
          "FSharp.Core": "4.7.2",
          "Fable.Browser.Blob": "1.4.0",
          "Fable.Browser.Event": "1.7.0",
          "Fable.Browser.WebStorage": "1.3.0",
          "Fable.Core": "3.2.8"
        }
      },
      "Fable.Core": {
        "type": "CentralTransitive",
        "requested": "[4.5.0, )",
        "resolved": "4.5.0",
        "contentHash": "ZcX8XN5sQZGCbrS8VYnsa/ynhrCBfpDyqDkTl33GTXOpgfKibxoq0+W0hCSbRzuukVNoLtqGL/B6+8yTNDXbNA=="
      },
      "Fable.Elmish": {
        "type": "CentralTransitive",
        "requested": "[4.2.0, )",
        "resolved": "4.2.0",
        "contentHash": "A8lDcHbz2AKcwFa6IlnK8I/21nbsxBcP5Vxq6Gp+jT8dU7Vjpnk8Pbry5+zQrlqjwt1XHU/S5Oo0KZqaGemPUA==",
        "dependencies": {
          "FSharp.Core": "4.7.2",
          "Fable.Core": "3.7.1"
        }
      },
      "Fable.Elmish.Browser": {
        "type": "CentralTransitive",
        "requested": "[4.0.3, )",
        "resolved": "4.0.3",
        "contentHash": "0+vGk6QZPdepeIvw2vQLHZIryum9oFjA+LyXrGpWwlXMjsvz9aBGrWYDbo+RzN7hZ602Z3pxmFAb3XTEsElPMw==",
        "dependencies": {
          "FSharp.Core": "4.7.2",
          "Fable.Browser.Dom": "2.14.0",
          "Fable.Elmish": "4.1.0",
          "Fable.Elmish.UrlParser": "1.0.2"
        }
      },
      "Fable.Elmish.Debugger": {
        "type": "CentralTransitive",
        "requested": "[4.1.0, )",
        "resolved": "4.1.0",
        "contentHash": "RX7jOdswcfJ7oqA9iZZmOxHMKDhQz0Hlj1KSaI3Y245umsEfFk516aNEgbtvcxpOt//PqSAqPl2lGlgl0zFWaQ==",
        "dependencies": {
          "FSharp.Core": "6.0.7",
          "Fable.Elmish": "4.2.0",
          "Thoth.Json": "6.0.0"
        }
      },
      "Fable.Elmish.HMR": {
        "type": "CentralTransitive",
        "requested": "[7.0.0, )",
        "resolved": "7.0.0",
        "contentHash": "4A3u0H3wdmF00UBFJGJK6jlRxzEgkYOegDj2bgVzYTD1L17+0mCy9+QqAYJMuOGtA2klrKAHcU43tYdm0o2Fnw==",
        "dependencies": {
          "FSharp.Core": "4.7.2",
          "Fable.Core": "3.7.1",
          "Fable.Elmish.React": "4.0.0"
        }
      },
      "Fable.Elmish.React": {
        "type": "CentralTransitive",
        "requested": "[4.0.0, )",
        "resolved": "4.0.0",
        "contentHash": "cMuWet7DhxgN2G1caYLwjLvoMkH1u75U36cUyL07yxNt/dmGp8GD/+RTtL9wpkfeThfeJHHouCkR708mJcMRpA==",
        "dependencies": {
          "FSharp.Core": "4.7.2",
          "Fable.Elmish": "4.0.0",
          "Fable.ReactDom.Types": "18.0.0"
        }
      },
      "Fable.Fetch": {
        "type": "CentralTransitive",
        "requested": "[2.7.0, )",
        "resolved": "2.7.0",
        "contentHash": "2ndGZZTqpX9Hyso51tnIxWAskN2zrHX+7LeAwfG4zew+DtMMGa/3IyJGl2BOYUwweq2MhfuVqs1K3avgBFDq+Q==",
        "dependencies": {
          "FSharp.Core": "4.7.2",
          "Fable.Browser.Blob": "1.2.0",
          "Fable.Browser.Event": "1.5.0",
          "Fable.Core": "3.7.1",
          "Fable.Promise": "2.2.2"
        }
      },
      "Fable.React.Types": {
        "type": "CentralTransitive",
        "requested": "[18.4.0, )",
        "resolved": "18.4.0",
        "contentHash": "XKUBsAycABet6+ZRwIceG3dSuUzgG8SndVIu43uZMNOO+wXAeGS4u2WrRWZOetZ7Q0MlVukPVwN7jfbPRg4j/A==",
        "dependencies": {
          "FSharp.Core": "4.7.2",
          "Fable.Browser.Dom": "2.4.4",
          "Fable.Core": "3.2.7"
        }
      },
      "Fable.Remoting.Client": {
        "type": "CentralTransitive",
        "requested": "[7.32.0, )",
        "resolved": "7.32.0",
        "contentHash": "PMZ0gj8UXXBKrLg71IwGGTMmy2woSdesjFYkrkDNYmhNDvz3Z/h05fJYOVXYYKXp/d2XRX0fHtGV0DuYppip7A==",
        "dependencies": {
          "FSharp.Core": "4.7.2",
          "Fable.Browser.XMLHttpRequest": "1.0.0",
          "Fable.Core": "3.1.5",
          "Fable.Remoting.MsgPack": "1.24.0",
          "Fable.SimpleJson": "3.24.0"
        }
      },
      "Fable.SimpleJson": {
        "type": "CentralTransitive",
        "requested": "[3.24.0, )",
        "resolved": "3.24.0",
        "contentHash": "mNk5s+8arkrrupT52/840xybT/DmaPUsJ926fTHk2uHOaWLnyNbUPY63Yg8zJZFCxSCzWrFpmB8rS9fcLVLJSg==",
        "dependencies": {
          "FSharp.Core": "4.7.0",
          "Fable.Core": "3.1.5",
          "Fable.Parsimmon": "4.0.0"
        }
      },
      "Feliz": {
        "type": "CentralTransitive",
        "requested": "[2.9.0, )",
        "resolved": "2.9.0",
        "contentHash": "8nyGREGA60RysdSBamVWmr68MG+3lLy76W17fBiGaKi7uMFbtRcYBLyNtp2NyGZFfnuWCEyDAmAXM5YFnDhbhg==",
        "dependencies": {
          "FSharp.Core": "4.7.2",
          "Fable.ReactDom.Types": "18.2.0",
          "Feliz.CompilerPlugins": "2.2.0"
        }
      },
      "Feliz.DaisyUI": {
        "type": "CentralTransitive",
        "requested": "[5.2.0, )",
        "resolved": "5.2.0",
        "contentHash": "bKa7pICNFGa2Hn1NNvrnik7W5iEXfE+GpVFoyHUczUmcc/SxOOuqkmBCIfV3lx9CUXrK8AiuQu3UYmlG15E1sg==",
        "dependencies": {
          "FSharp.Core": "4.7.2",
          "Feliz": "2.9.0"
        }
      }
    }
  }
}